
Microsoft Visual Studio Solution File, Format Version 12.00
# Visual Studio Version 17
VisualStudioVersion = 17.0.31903.59
MinimumVisualStudioVersion = 10.0.40219.1
Project("{FAE04EC0-301F-11D3-BF4B-00C04F79EFBC}") = "CalcLibrary", "CalcLibrary\CalcLibrary.csproj", "{B448C5E7-8DED-4758-8FC9-782AB0E954C9}"
EndProject
Project("{FAE04EC0-301F-11D3-BF4B-00C04F79EFBC}") = "CalcLibrary.Tests", "CalcLibrary.Tests\CalcLibrary.Tests.csproj", "{269583BD-B9CE-4F39-B826-60AE6508B288}"
EndProject
Project("{FAE04EC0-301F-11D3-BF4B-00C04F79EFBC}") = "UtilLib", "UtilLib\UtilLib.csproj", "{247CE276-6990-4C2D-91AF-743DC349BD1F}"
EndProject
Project("{FAE04EC0-301F-11D3-BF4B-00C04F79EFBC}") = "AccountsManagerLib", "AccountsManagerLib\AccountsManagerLib.csproj", "{8675E4D8-236F-4274-AE78-18648B82B2D3}"
EndProject
Project("{FAE04EC0-301F-11D3-BF4B-00C04F79EFBC}") = "CollectionsLib", "CollectionsLib\CollectionsLib.csproj", "{9C836338-F2DC-4309-91E9-71278D5A9AE5}"
EndProject
Project("{FAE04EC0-301F-11D3-BF4B-00C04F79EFBC}") = "FourSeasonsLib", "FourSeasonsLib\FourSeasonsLib.csproj", "{6BA57134-E2BF-4128-9CAA-99AF095C873D}"
EndProject
Project("{FAE04EC0-301F-11D3-BF4B-00C04F79EFBC}") = "LeapYearCalculatorLib", "LeapYearCalculatorLib\LeapYearCalculatorLib.csproj", "{0FB9676C-D890-4711-8D8C-D9D577C72AB1}"
EndProject
Project("{FAE04EC0-301F-11D3-BF4B-00C04F79EFBC}") = "UserManagerLib", "UserManagerLib\UserManagerLib.csproj", "{239AB175-5BB9-4E73-908B-4902051856AF}"
EndProject
Project("{FAE04EC0-301F-11D3-BF4B-00C04F79EFBC}") = "ConverterLib", "ConverterLib\ConverterLib.csproj", "{C4AB294C-716B-4928-9DD5-C70A7F3B2121}"
EndProject
Global
	GlobalSection(SolutionConfigurationPlatforms) = preSolution
		Debug|Any CPU = Debug|Any CPU
		Debug|x64 = Debug|x64
		Debug|x86 = Debug|x86
		Release|Any CPU = Release|Any CPU
		Release|x64 = Release|x64
		Release|x86 = Release|x86
	EndGlobalSection
	GlobalSection(ProjectConfigurationPlatforms) = postSolution
		{B448C5E7-8DED-4758-8FC9-782AB0E954C9}.Debug|Any CPU.ActiveCfg = Debug|Any CPU
		{B448C5E7-8DED-4758-8FC9-782AB0E954C9}.Debug|Any CPU.Build.0 = Debug|Any CPU
		{B448C5E7-8DED-4758-8FC9-782AB0E954C9}.Debug|x64.ActiveCfg = Debug|Any CPU
		{B448C5E7-8DED-4758-8FC9-782AB0E954C9}.Debug|x64.Build.0 = Debug|Any CPU
		{B448C5E7-8DED-4758-8FC9-782AB0E954C9}.Debug|x86.ActiveCfg = Debug|Any CPU
		{B448C5E7-8DED-4758-8FC9-782AB0E954C9}.Debug|x86.Build.0 = Debug|Any CPU
		{B448C5E7-8DED-4758-8FC9-782AB0E954C9}.Release|Any CPU.ActiveCfg = Release|Any CPU
		{B448C5E7-8DED-4758-8FC9-782AB0E954C9}.Release|Any CPU.Build.0 = Release|Any CPU
		{B448C5E7-8DED-4758-8FC9-782AB0E954C9}.Release|x64.ActiveCfg = Release|Any CPU
		{B448C5E7-8DED-4758-8FC9-782AB0E954C9}.Release|x64.Build.0 = Release|Any CPU
		{B448C5E7-8DED-4758-8FC9-782AB0E954C9}.Release|x86.ActiveCfg = Release|Any CPU
		{B448C5E7-8DED-4758-8FC9-782AB0E954C9}.Release|x86.Build.0 = Release|Any CPU
		{269583BD-B9CE-4F39-B826-60AE6508B288}.Debug|Any CPU.ActiveCfg = Debug|Any CPU
		{269583BD-B9CE-4F39-B826-60AE6508B288}.Debug|Any CPU.Build.0 = Debug|Any CPU
		{269583BD-B9CE-4F39-B826-60AE6508B288}.Debug|x64.ActiveCfg = Debug|Any CPU
		{269583BD-B9CE-4F39-B826-60AE6508B288}.Debug|x64.Build.0 = Debug|Any CPU
		{269583BD-B9CE-4F39-B826-60AE6508B288}.Debug|x86.ActiveCfg = Debug|Any CPU
		{269583BD-B9CE-4F39-B826-60AE6508B288}.Debug|x86.Build.0 = Debug|Any CPU
		{269583BD-B9CE-4F39-B826-60AE6508B288}.Release|Any CPU.ActiveCfg = Release|Any CPU
		{269583BD-B9CE-4F39-B826-60AE6508B288}.Release|Any CPU.Build.0 = Release|Any CPU
		{269583BD-B9CE-4F39-B826-60AE6508B288}.Release|x64.ActiveCfg = Release|Any CPU
		{269583BD-B9CE-4F39-B826-60AE6508B288}.Release|x64.Build.0 = Release|Any CPU
		{269583BD-B9CE-4F39-B826-60AE6508B288}.Release|x86.ActiveCfg = Release|Any CPU
		{269583BD-B9CE-4F39-B826-60AE6508B288}.Release|x86.Build.0 = Release|Any CPU
		{247CE276-6990-4C2D-91AF-743DC349BD1F}.Debug|Any CPU.ActiveCfg = Debug|Any CPU
		{247CE276-6990-4C2D-91AF-743DC349BD1F}.Debug|Any CPU.Build.0 = Debug|Any CPU
		{247CE276-6990-4C2D-91AF-743DC349BD1F}.Debug|x64.ActiveCfg = Debug|Any CPU
		{247CE276-6990-4C2D-91AF-743DC349BD1F}.Debug|x64.Build.0 = Debug|Any CPU
		{247CE276-6990-4C2D-91AF-743DC349BD1F}.Debug|x86.ActiveCfg = Debug|Any CPU
		{247CE276-6990-4C2D-91AF-743DC349BD1F}.Debug|x86.Build.0 = Debug|Any CPU
		{247CE276-6990-4C2D-91AF-743DC349BD1F}.Release|Any CPU.ActiveCfg = Release|Any CPU
		{247CE276-6990-4C2D-91AF-743DC349BD1F}.Release|Any CPU.Build.0 = Release|Any CPU
		{247CE276-6990-4C2D-91AF-743DC349BD1F}.Release|x64.ActiveCfg = Release|Any CPU
		{247CE276-6990-4C2D-91AF-743DC349BD1F}.Release|x64.Build.0 = Release|Any CPU
		{247CE276-6990-4C2D-91AF-743DC349BD1F}.Release|x86.ActiveCfg = Release|Any CPU
		{247CE276-6990-4C2D-91AF-743DC349BD1F}.Release|x86.Build.0 = Release|Any CPU
		{8675E4D8-236F-4274-AE78-18648B82B2D3}.Debug|Any CPU.ActiveCfg = Debug|Any CPU
		{8675E4D8-236F-4274-AE78-18648B82B2D3}.Debug|Any CPU.Build.0 = Debug|Any CPU
		{8675E4D8-236F-4274-AE78-18648B82B2D3}.Debug|x64.ActiveCfg = Debug|Any CPU
		{8675E4D8-236F-4274-AE78-18648B82B2D3}.Debug|x64.Build.0 = Debug|Any CPU
		{8675E4D8-236F-4274-AE78-18648B82B2D3}.Debug|x86.ActiveCfg = Debug|Any CPU
		{8675E4D8-236F-4274-AE78-18648B82B2D3}.Debug|x86.Build.0 = Debug|Any CPU
		{8675E4D8-236F-4274-AE78-18648B82B2D3}.Release|Any CPU.ActiveCfg = Release|Any CPU
		{8675E4D8-236F-4274-AE78-18648B82B2D3}.Release|Any CPU.Build.0 = Release|Any CPU
		{8675E4D8-236F-4274-AE78-18648B82B2D3}.Release|x64.ActiveCfg = Release|Any CPU
		{8675E4D8-236F-4274-AE78-18648B82B2D3}.Release|x64.Build.0 = Release|Any CPU
		{8675E4D8-236F-4274-AE78-18648B82B2D3}.Release|x86.ActiveCfg = Release|Any CPU
		{8675E4D8-236F-4274-AE78-18648B82B2D3}.Release|x86.Build.0 = Release|Any CPU
		{9C836338-F2DC-4309-91E9-71278D5A9AE5}.Debug|Any CPU.ActiveCfg = Debug|Any CPU
		{9C836338-F2DC-4309-91E9-71278D5A9AE5}.Debug|Any CPU.Build.0 = Debug|Any CPU
		{9C836338-F2DC-4309-91E9-71278D5A9AE5}.Debug|x64.ActiveCfg = Debug|Any CPU
		{9C836338-F2DC-4309-91E9-71278D5A9AE5}.Debug|x64.Build.0 = Debug|Any CPU
		{9C836338-F2DC-4309-91E9-71278D5A9AE5}.Debug|x86.ActiveCfg = Debug|Any CPU
		{9C836338-F2DC-4309-91E9-71278D5A9AE5}.Debug|x86.Build.0 = Debug|Any CPU
		{9C836338-F2DC-4309-91E9-71278D5A9AE5}.Release|Any CPU.ActiveCfg = Release|Any CPU
		{9C836338-F2DC-4309-91E9-71278D5A9AE5}.Release|Any CPU.Build.0 = Release|Any CPU
		{9C836338-F2DC-4309-91E9-71278D5A9AE5}.Release|x64.ActiveCfg = Release|Any CPU
		{9C836338-F2DC-4309-91E9-71278D5A9AE5}.Release|x64.Build.0 = Release|Any CPU
		{9C836338-F2DC-4309-91E9-71278D5A9AE5}.Release|x86.ActiveCfg = Release|Any CPU
		{9C836338-F2DC-4309-91E9-71278D5A9AE5}.Release|x86.Build.0 = Release|Any CPU
		{6BA57134-E2BF-4128-9CAA-99AF095C873D}.Debug|Any CPU.ActiveCfg = Debug|Any CPU
		{6BA57134-E2BF-4128-9CAA-99AF095C873D}.Debug|Any CPU.Build.0 = Debug|Any CPU
		{6BA57134-E2BF-4128-9CAA-99AF095C873D}.Debug|x64.ActiveCfg = Debug|Any CPU
		{6BA57134-E2BF-4128-9CAA-99AF095C873D}.Debug|x64.Build.0 = Debug|Any CPU
		{6BA57134-E2BF-4128-9CAA-99AF095C873D}.Debug|x86.ActiveCfg = Debug|Any CPU
		{6BA57134-E2BF-4128-9CAA-99AF095C873D}.Debug|x86.Build.0 = Debug|Any CPU
		{6BA57134-E2BF-4128-9CAA-99AF095C873D}.Release|Any CPU.ActiveCfg = Release|Any CPU
		{6BA57134-E2BF-4128-9CAA-99AF095C873D}.Release|Any CPU.Build.0 = Release|Any CPU
		{6BA57134-E2BF-4128-9CAA-99AF095C873D}.Release|x64.ActiveCfg = Release|Any CPU
		{6BA57134-E2BF-4128-9CAA-99AF095C873D}.Release|x64.Build.0 = Release|Any CPU
		{6BA57134-E2BF-4128-9CAA-99AF095C873D}.Release|x86.ActiveCfg = Release|Any CPU
		{6BA57134-E2BF-4128-9CAA-99AF095C873D}.Release|x86.Build.0 = Release|Any CPU
		{0FB9676C-D890-4711-8D8C-D9D577C72AB1}.Debug|Any CPU.ActiveCfg = Debug|Any CPU
		{0FB9676C-D890-4711-8D8C-D9D577C72AB1}.Debug|Any CPU.Build.0 = Debug|Any CPU
		{0FB9676C-D890-4711-8D8C-D9D577C72AB1}.Debug|x64.ActiveCfg = Debug|Any CPU
		{0FB9676C-D890-4711-8D8C-D9D577C72AB1}.Debug|x64.Build.0 = Debug|Any CPU
		{0FB9676C-D890-4711-8D8C-D9D577C72AB1}.Debug|x86.ActiveCfg = Debug|Any CPU
		{0FB9676C-D890-4711-8D8C-D9D577C72AB1}.Debug|x86.Build.0 = Debug|Any CPU
		{0FB9676C-D890-4711-8D8C-D9D577C72AB1}.Release|Any CPU.ActiveCfg = Release|Any CPU
		{0FB9676C-D890-4711-8D8C-D9D577C72AB1}.Release|Any CPU.Build.0 = Release|Any CPU
		{0FB9676C-D890-4711-8D8C-D9D577C72AB1}.Release|x64.ActiveCfg = Release|Any CPU
		{0FB9676C-D890-4711-8D8C-D9D577C72AB1}.Release|x64.Build.0 = Release|Any CPU
		{0FB9676C-D890-4711-8D8C-D9D577C72AB1}.Release|x86.ActiveCfg = Release|Any CPU
		{0FB9676C-D890-4711-8D8C-D9D577C72AB1}.Release|x86.Build.0 = Release|Any CPU
		{239AB175-5BB9-4E73-908B-4902051856AF}.Debug|Any CPU.ActiveCfg = Debug|Any CPU
		{239AB175-5BB9-4E73-908B-4902051856AF}.Debug|Any CPU.Build.0 = Debug|Any CPU
		{239AB175-5BB9-4E73-908B-4902051856AF}.Debug|x64.ActiveCfg = Debug|Any CPU
		{239AB175-5BB9-4E73-908B-4902051856AF}.Debug|x64.Build.0 = Debug|Any CPU
		{239AB175-5BB9-4E73-908B-4902051856AF}.Debug|x86.ActiveCfg = Debug|Any CPU
		{239AB175-5BB9-4E73-908B-4902051856AF}.Debug|x86.Build.0 = Debug|Any CPU
		{239AB175-5BB9-4E73-908B-4902051856AF}.Release|Any CPU.ActiveCfg = Release|Any CPU
		{239AB175-5BB9-4E73-908B-4902051856AF}.Release|Any CPU.Build.0 = Release|Any CPU
		{239AB175-5BB9-4E73-908B-4902051856AF}.Release|x64.ActiveCfg = Release|Any CPU
		{239AB175-5BB9-4E73-908B-4902051856AF}.Release|x64.Build.0 = Release|Any CPU
		{239AB175-5BB9-4E73-908B-4902051856AF}.Release|x86.ActiveCfg = Release|Any CPU
		{239AB175-5BB9-4E73-908B-4902051856AF}.Release|x86.Build.0 = Release|Any CPU
		{C4AB294C-716B-4928-9DD5-C70A7F3B2121}.Debug|Any CPU.ActiveCfg = Debug|Any CPU
		{C4AB294C-716B-4928-9DD5-C70A7F3B2121}.Debug|Any CPU.Build.0 = Debug|Any CPU
		{C4AB294C-716B-4928-9DD5-C70A7F3B2121}.Debug|x64.ActiveCfg = Debug|Any CPU
		{C4AB294C-716B-4928-9DD5-C70A7F3B2121}.Debug|x64.Build.0 = Debug|Any CPU
		{C4AB294C-716B-4928-9DD5-C70A7F3B2121}.Debug|x86.ActiveCfg = Debug|Any CPU
		{C4AB294C-716B-4928-9DD5-C70A7F3B2121}.Debug|x86.Build.0 = Debug|Any CPU
		{C4AB294C-716B-4928-9DD5-C70A7F3B2121}.Release|Any CPU.ActiveCfg = Release|Any CPU
		{C4AB294C-716B-4928-9DD5-C70A7F3B2121}.Release|Any CPU.Build.0 = Release|Any CPU
		{C4AB294C-716B-4928-9DD5-C70A7F3B2121}.Release|x64.ActiveCfg = Release|Any CPU
		{C4AB294C-716B-4928-9DD5-C70A7F3B2121}.Release|x64.Build.0 = Release|Any CPU
		{C4AB294C-716B-4928-9DD5-C70A7F3B2121}.Release|x86.ActiveCfg = Release|Any CPU
		{C4AB294C-716B-4928-9DD5-C70A7F3B2121}.Release|x86.Build.0 = Release|Any CPU
	EndGlobalSection
	GlobalSection(SolutionProperties) = preSolution
		HideSolutionNode = FALSE
	EndGlobalSection
EndGlobal
