
Microsoft Visual Studio Solution File, Format Version 12.00
# Visual Studio Version 17
VisualStudioVersion = 17.5.2.0
MinimumVisualStudioVersion = 10.0.40219.1
Project("{FAE04EC0-301F-11D3-BF4B-00C04F79EFBC}") = "CustomerCommLib", "CustomerCommLib\CustomerCommLib.csproj", "{B92D07B9-15C0-757D-8F11-3FA73ABFC267}"
EndProject
Project("{FAE04EC0-301F-11D3-BF4B-00C04F79EFBC}") = "CustomerComm.Tests", "CustomerComm.Tests\CustomerComm.Tests.csproj", "{B161CDBB-9F22-4401-A2D0-102DF7D2B4FA}"
EndProject
Global
	GlobalSection(SolutionConfigurationPlatforms) = preSolution
		Debug|Any CPU = Debug|Any CPU
		Debug|x64 = Debug|x64
		Debug|x86 = Debug|x86
		Release|Any CPU = Release|Any CPU
		Release|x64 = Release|x64
		Release|x86 = Release|x86
	EndGlobalSection
	GlobalSection(ProjectConfigurationPlatforms) = postSolution
		{B92D07B9-15C0-757D-8F11-3FA73ABFC267}.Debug|Any CPU.ActiveCfg = Debug|Any CPU
		{B92D07B9-15C0-757D-8F11-3FA73ABFC267}.Debug|Any CPU.Build.0 = Debug|Any CPU
		{B92D07B9-15C0-757D-8F11-3FA73ABFC267}.Debug|x64.ActiveCfg = Debug|Any CPU
		{B92D07B9-15C0-757D-8F11-3FA73ABFC267}.Debug|x64.Build.0 = Debug|Any CPU
		{B92D07B9-15C0-757D-8F11-3FA73ABFC267}.Debug|x86.ActiveCfg = Debug|Any CPU
		{B92D07B9-15C0-757D-8F11-3FA73ABFC267}.Debug|x86.Build.0 = Debug|Any CPU
		{B92D07B9-15C0-757D-8F11-3FA73ABFC267}.Release|Any CPU.ActiveCfg = Release|Any CPU
		{B92D07B9-15C0-757D-8F11-3FA73ABFC267}.Release|Any CPU.Build.0 = Release|Any CPU
		{B92D07B9-15C0-757D-8F11-3FA73ABFC267}.Release|x64.ActiveCfg = Release|Any CPU
		{B92D07B9-15C0-757D-8F11-3FA73ABFC267}.Release|x64.Build.0 = Release|Any CPU
		{B92D07B9-15C0-757D-8F11-3FA73ABFC267}.Release|x86.ActiveCfg = Release|Any CPU
		{B92D07B9-15C0-757D-8F11-3FA73ABFC267}.Release|x86.Build.0 = Release|Any CPU
		{B161CDBB-9F22-4401-A2D0-102DF7D2B4FA}.Debug|Any CPU.ActiveCfg = Debug|Any CPU
		{B161CDBB-9F22-4401-A2D0-102DF7D2B4FA}.Debug|Any CPU.Build.0 = Debug|Any CPU
		{B161CDBB-9F22-4401-A2D0-102DF7D2B4FA}.Debug|x64.ActiveCfg = Debug|Any CPU
		{B161CDBB-9F22-4401-A2D0-102DF7D2B4FA}.Debug|x64.Build.0 = Debug|Any CPU
		{B161CDBB-9F22-4401-A2D0-102DF7D2B4FA}.Debug|x86.ActiveCfg = Debug|Any CPU
		{B161CDBB-9F22-4401-A2D0-102DF7D2B4FA}.Debug|x86.Build.0 = Debug|Any CPU
		{B161CDBB-9F22-4401-A2D0-102DF7D2B4FA}.Release|Any CPU.ActiveCfg = Release|Any CPU
		{B161CDBB-9F22-4401-A2D0-102DF7D2B4FA}.Release|Any CPU.Build.0 = Release|Any CPU
		{B161CDBB-9F22-4401-A2D0-102DF7D2B4FA}.Release|x64.ActiveCfg = Release|Any CPU
		{B161CDBB-9F22-4401-A2D0-102DF7D2B4FA}.Release|x64.Build.0 = Release|Any CPU
		{B161CDBB-9F22-4401-A2D0-102DF7D2B4FA}.Release|x86.ActiveCfg = Release|Any CPU
		{B161CDBB-9F22-4401-A2D0-102DF7D2B4FA}.Release|x86.Build.0 = Release|Any CPU
	EndGlobalSection
	GlobalSection(SolutionProperties) = preSolution
		HideSolutionNode = FALSE
	EndGlobalSection
	GlobalSection(ExtensibilityGlobals) = postSolution
		SolutionGuid = {971B76CD-FB7E-4222-A8FF-35E92FAE4DE4}
	EndGlobalSection
EndGlobal
