Microsoft Visual Studio Solution File, Format Version 12.00
# Visual Studio Version 17
VisualStudioVersion = 17.5.2.0
MinimumVisualStudioVersion = 10.0.40219.1
Project("{2150E333-8FDC-42A3-9474-1A3956D46DE8}") = "KafkaChatGUI", "KafkaChatGUI", "{C4419263-87A7-45E5-251F-A3ECEA36EDB9}"
EndProject
Project("{FAE04EC0-301F-11D3-BF4B-00C04F79EFBC}") = "KafkaChatGUI", "KafkaChatGUI\KafkaChatGUI\KafkaChatGUI.csproj", "{10CC60D9-2352-20CE-41E0-38E04FF71EAD}"
EndProject
Global
	GlobalSection(SolutionConfigurationPlatforms) = preSolution
		Debug|Any CPU = Debug|Any CPU
		Release|Any CPU = Release|Any CPU
	EndGlobalSection
	GlobalSection(ProjectConfigurationPlatforms) = postSolution
		{10CC60D9-2352-20CE-41E0-38E04FF71EAD}.Debug|Any CPU.ActiveCfg = Debug|Any CPU
		{10CC60D9-2352-20CE-41E0-38E04FF71EAD}.Debug|Any CPU.Build.0 = Debug|Any CPU
		{10CC60D9-2352-20CE-41E0-38E04FF71EAD}.Release|Any CPU.ActiveCfg = Release|Any CPU
		{10CC60D9-2352-20CE-41E0-38E04FF71EAD}.Release|Any CPU.Build.0 = Release|Any CPU
	EndGlobalSection
	GlobalSection(SolutionProperties) = preSolution
		HideSolutionNode = FALSE
	EndGlobalSection
	GlobalSection(NestedProjects) = preSolution
		{10CC60D9-2352-20CE-41E0-38E04FF71EAD} = {C4419263-87A7-45E5-251F-A3ECEA36EDB9}
	EndGlobalSection
	GlobalSection(ExtensibilityGlobals) = postSolution
		SolutionGuid = {141A5785-B7F4-49FA-A1D1-145691E9797F}
	EndGlobalSection
EndGlobal
